// !$*UTF8*$!
{
	archiveVersion = 1;
	classes = {
	};
	objectVersion = 46;
	objects = {

/* Begin PBXBuildFile section */
		0C5DF04F9862DACF8F7EA3B8 /* Pods_WebViewJavascriptBridgeSample.framework in Frameworks */ = {isa = PBXBuildFile; fileRef = 3E4D605674D940F27568468A /* Pods_WebViewJavascriptBridgeSample.framework */; };
		39314E951C5B5F8600CC929F /* ExampleApp.html in Resources */ = {isa = PBXBuildFile; fileRef = 39314E941C5B5F8600CC929F /* ExampleApp.html */; };
		395C719B1C5B5CD80025C94E /* main.m in Sources */ = {isa = PBXBuildFile; fileRef = 395C719A1C5B5CD80025C94E /* main.m */; };
		395C719E1C5B5CD80025C94E /* AppDelegate.m in Sources */ = {isa = PBXBuildFile; fileRef = 395C719D1C5B5CD80025C94E /* AppDelegate.m */; };
		395C71A11C5B5CD80025C94E /* ViewController.m in Sources */ = {isa = PBXBuildFile; fileRef = 395C71A01C5B5CD80025C94E /* ViewController.m */; };
		395C71A41C5B5CD80025C94E /* Main.storyboard in Resources */ = {isa = PBXBuildFile; fileRef = 395C71A21C5B5CD80025C94E /* Main.storyboard */; };
		395C71A61C5B5CD80025C94E /* Assets.xcassets in Resources */ = {isa = PBXBuildFile; fileRef = 395C71A51C5B5CD80025C94E /* Assets.xcassets */; };
		395C71A91C5B5CD80025C94E /* LaunchScreen.storyboard in Resources */ = {isa = PBXBuildFile; fileRef = 395C71A71C5B5CD80025C94E /* LaunchScreen.storyboard */; };
		39B7F3B41C5F5BA6007778C3 /* jquery.min.js in Resources */ = {isa = PBXBuildFile; fileRef = 39B7F3B31C5F5BA6007778C3 /* jquery.min.js */; };
		39B7F3B61C5F5BAD007778C3 /* qi.js in Resources */ = {isa = PBXBuildFile; fileRef = 39B7F3B51C5F5BAD007778C3 /* qi.js */; };
		39B7F3B81C5F5BB5007778C3 /* socket.io.min.js in Resources */ = {isa = PBXBuildFile; fileRef = 39B7F3B71C5F5BB5007778C3 /* socket.io.min.js */; };
/* End PBXBuildFile section */

/* Begin PBXFileReference section */
		39314E941C5B5F8600CC929F /* ExampleApp.html */ = {isa = PBXFileReference; fileEncoding = 4; lastKnownFileType = text.html; path = ExampleApp.html; sourceTree = "<group>"; };
		395C71961C5B5CD80025C94E /* WebViewJavascriptBridgeSample.app */ = {isa = PBXFileReference; explicitFileType = wrapper.application; includeInIndex = 0; path = WebViewJavascriptBridgeSample.app; sourceTree = BUILT_PRODUCTS_DIR; };
		395C719A1C5B5CD80025C94E /* main.m */ = {isa = PBXFileReference; lastKnownFileType = sourcecode.c.objc; path = main.m; sourceTree = "<group>"; };
		395C719C1C5B5CD80025C94E /* AppDelegate.h */ = {isa = PBXFileReference; lastKnownFileType = sourcecode.c.h; path = AppDelegate.h; sourceTree = "<group>"; };
		395C719D1C5B5CD80025C94E /* AppDelegate.m */ = {isa = PBXFileReference; lastKnownFileType = sourcecode.c.objc; path = AppDelegate.m; sourceTree = "<group>"; };
		395C719F1C5B5CD80025C94E /* ViewController.h */ = {isa = PBXFileReference; lastKnownFileType = sourcecode.c.h; path = ViewController.h; sourceTree = "<group>"; };
		395C71A01C5B5CD80025C94E /* ViewController.m */ = {isa = PBXFileReference; lastKnownFileType = sourcecode.c.objc; path = ViewController.m; sourceTree = "<group>"; };
		395C71A31C5B5CD80025C94E /* Base */ = {isa = PBXFileReference; lastKnownFileType = file.storyboard; name = Base; path = Base.lproj/Main.storyboard; sourceTree = "<group>"; };
		395C71A51C5B5CD80025C94E /* Assets.xcassets */ = {isa = PBXFileReference; lastKnownFileType = folder.assetcatalog; path = Assets.xcassets; sourceTree = "<group>"; };
		395C71A81C5B5CD80025C94E /* Base */ = {isa = PBXFileReference; lastKnownFileType = file.storyboard; name = Base; path = Base.lproj/LaunchScreen.storyboard; sourceTree = "<group>"; };
		395C71AA1C5B5CD80025C94E /* Info.plist */ = {isa = PBXFileReference; lastKnownFileType = text.plist.xml; path = Info.plist; sourceTree = "<group>"; };
		39B7F3B31C5F5BA6007778C3 /* jquery.min.js */ = {isa = PBXFileReference; fileEncoding = 4; lastKnownFileType = sourcecode.javascript; path = jquery.min.js; sourceTree = "<group>"; };
		39B7F3B51C5F5BAD007778C3 /* qi.js */ = {isa = PBXFileReference; fileEncoding = 4; lastKnownFileType = sourcecode.javascript; path = qi.js; sourceTree = "<group>"; };
		39B7F3B71C5F5BB5007778C3 /* socket.io.min.js */ = {isa = PBXFileReference; fileEncoding = 4; lastKnownFileType = sourcecode.javascript; path = socket.io.min.js; sourceTree = "<group>"; };
		3E4D605674D940F27568468A /* Pods_WebViewJavascriptBridgeSample.framework */ = {isa = PBXFileReference; explicitFileType = wrapper.framework; includeInIndex = 0; path = Pods_WebViewJavascriptBridgeSample.framework; sourceTree = BUILT_PRODUCTS_DIR; };
		9BE12F3D7AD6F2D751409871 /* Pods-WebViewJavascriptBridgeSample.release.xcconfig */ = {isa = PBXFileReference; includeInIndex = 1; lastKnownFileType = text.xcconfig; name = "Pods-WebViewJavascriptBridgeSample.release.xcconfig"; path = "Pods/Target Support Files/Pods-WebViewJavascriptBridgeSample/Pods-WebViewJavascriptBridgeSample.release.xcconfig"; sourceTree = "<group>"; };
		BB61E70874DFEB6F416E2AA6 /* Pods-WebViewJavascriptBridgeSample.debug.xcconfig */ = {isa = PBXFileReference; includeInIndex = 1; lastKnownFileType = text.xcconfig; name = "Pods-WebViewJavascriptBridgeSample.debug.xcconfig"; path = "Pods/Target Support Files/Pods-WebViewJavascriptBridgeSample/Pods-WebViewJavascriptBridgeSample.debug.xcconfig"; sourceTree = "<group>"; };
/* End PBXFileReference section */

/* Begin PBXFrameworksBuildPhase section */
		395C71931C5B5CD80025C94E /* Frameworks */ = {
			isa = PBXFrameworksBuildPhase;
			buildActionMask = 2147483647;
			files = (
				0C5DF04F9862DACF8F7EA3B8 /* Pods_WebViewJavascriptBridgeSample.framework in Frameworks */,
			);
			runOnlyForDeploymentPostprocessing = 0;
		};
/* End PBXFrameworksBuildPhase section */

/* Begin PBXGroup section */
		0612883F002273383C930BEB /* Frameworks */ = {
			isa = PBXGroup;
			children = (
				3E4D605674D940F27568468A /* Pods_WebViewJavascriptBridgeSample.framework */,
			);
			name = Frameworks;
			sourceTree = "<group>";
		};
		395C718D1C5B5CD70025C94E = {
			isa = PBXGroup;
			children = (
				395C71981C5B5CD80025C94E /* WebViewJavascriptBridgeSample */,
				395C71971C5B5CD80025C94E /* Products */,
				B74BB1737577312C84467753 /* Pods */,
				0612883F002273383C930BEB /* Frameworks */,
			);
			sourceTree = "<group>";
		};
		395C71971C5B5CD80025C94E /* Products */ = {
			isa = PBXGroup;
			children = (
				395C71961C5B5CD80025C94E /* WebViewJavascriptBridgeSample.app */,
			);
			name = Products;
			sourceTree = "<group>";
		};
		395C71981C5B5CD80025C94E /* WebViewJavascriptBridgeSample */ = {
			isa = PBXGroup;
			children = (
				39314E941C5B5F8600CC929F /* ExampleApp.html */,
				39B7F3B31C5F5BA6007778C3 /* jquery.min.js */,
				39B7F3B51C5F5BAD007778C3 /* qi.js */,
				39B7F3B71C5F5BB5007778C3 /* socket.io.min.js */,
				395C719C1C5B5CD80025C94E /* AppDelegate.h */,
				395C719D1C5B5CD80025C94E /* AppDelegate.m */,
				395C719F1C5B5CD80025C94E /* ViewController.h */,
				395C71A01C5B5CD80025C94E /* ViewController.m */,
				395C71A21C5B5CD80025C94E /* Main.storyboard */,
				395C71A51C5B5CD80025C94E /* Assets.xcassets */,
				395C71A71C5B5CD80025C94E /* LaunchScreen.storyboard */,
				395C71AA1C5B5CD80025C94E /* Info.plist */,
				395C71991C5B5CD80025C94E /* Supporting Files */,
			);
			path = WebViewJavascriptBridgeSample;
			sourceTree = "<group>";
		};
		395C71991C5B5CD80025C94E /* Supporting Files */ = {
			isa = PBXGroup;
			children = (
				395C719A1C5B5CD80025C94E /* main.m */,
			);
			name = "Supporting Files";
			sourceTree = "<group>";
		};
		B74BB1737577312C84467753 /* Pods */ = {
			isa = PBXGroup;
			children = (
				BB61E70874DFEB6F416E2AA6 /* Pods-WebViewJavascriptBridgeSample.debug.xcconfig */,
				9BE12F3D7AD6F2D751409871 /* Pods-WebViewJavascriptBridgeSample.release.xcconfig */,
			);
			name = Pods;
			sourceTree = "<group>";
		};
/* End PBXGroup section */

/* Begin PBXNativeTarget section */
		395C71951C5B5CD80025C94E /* WebViewJavascriptBridgeSample */ = {
			isa = PBXNativeTarget;
			buildConfigurationList = 395C71AD1C5B5CD80025C94E /* Build configuration list for PBXNativeTarget "WebViewJavascriptBridgeSample" */;
			buildPhases = (
				74C065505CCE70935E166D1C /* [CP] Check Pods Manifest.lock */,
				395C71921C5B5CD80025C94E /* Sources */,
				395C71931C5B5CD80025C94E /* Frameworks */,
				395C71941C5B5CD80025C94E /* Resources */,
				385D0B850F61175F6EEB8442 /* [CP] Embed Pods Frameworks */,
				1575EA9C02233E5819A28219 /* [CP] Copy Pods Resources */,
			);
			buildRules = (
			);
			dependencies = (
			);
			name = WebViewJavascriptBridgeSample;
			productName = WebViewJavascriptBridgeSample;
			productReference = 395C71961C5B5CD80025C94E /* WebViewJavascriptBridgeSample.app */;
			productType = "com.apple.product-type.application";
		};
/* End PBXNativeTarget section */

/* Begin PBXProject section */
		395C718E1C5B5CD70025C94E /* Project object */ = {
			isa = PBXProject;
			attributes = {
				LastUpgradeCheck = 0900;
				ORGANIZATIONNAME = ssato;
				TargetAttributes = {
					395C71951C5B5CD80025C94E = {
						CreatedOnToolsVersion = 7.2;
					};
				};
			};
			buildConfigurationList = 395C71911C5B5CD70025C94E /* Build configuration list for PBXProject "WebViewJavascriptBridgeSample" */;
			compatibilityVersion = "Xcode 3.2";
			developmentRegion = English;
			hasScannedForEncodings = 0;
			knownRegions = (
				en,
				Base,
			);
			mainGroup = 395C718D1C5B5CD70025C94E;
			productRefGroup = 395C71971C5B5CD80025C94E /* Products */;
			projectDirPath = "";
			projectRoot = "";
			targets = (
				395C71951C5B5CD80025C94E /* WebViewJavascriptBridgeSample */,
			);
		};
/* End PBXProject section */

/* Begin PBXResourcesBuildPhase section */
		395C71941C5B5CD80025C94E /* Resources */ = {
			isa = PBXResourcesBuildPhase;
			buildActionMask = 2147483647;
			files = (
				39B7F3B81C5F5BB5007778C3 /* socket.io.min.js in Resources */,
				39B7F3B61C5F5BAD007778C3 /* qi.js in Resources */,
				395C71A91C5B5CD80025C94E /* LaunchScreen.storyboard in Resources */,
				395C71A61C5B5CD80025C94E /* Assets.xcassets in Resources */,
				39B7F3B41C5F5BA6007778C3 /* jquery.min.js in Resources */,
				395C71A41C5B5CD80025C94E /* Main.storyboard in Resources */,
				39314E951C5B5F8600CC929F /* ExampleApp.html in Resources */,
			);
			runOnlyForDeploymentPostprocessing = 0;
		};
/* End PBXResourcesBuildPhase section */

/* Begin PBXShellScriptBuildPhase section */
		1575EA9C02233E5819A28219 /* [CP] Copy Pods Resources */ = {
			isa = PBXShellScriptBuildPhase;
			buildActionMask = 2147483647;
			files = (
			);
			inputPaths = (
			);
			name = "[CP] Copy Pods Resources";
			outputPaths = (
			);
			runOnlyForDeploymentPostprocessing = 0;
			shellPath = /bin/sh;
			shellScript = "\"${SRCROOT}/Pods/Target Support Files/Pods-WebViewJavascriptBridgeSample/Pods-WebViewJavascriptBridgeSample-resources.sh\"\n";
			showEnvVarsInLog = 0;
		};
		385D0B850F61175F6EEB8442 /* [CP] Embed Pods Frameworks */ = {
			isa = PBXShellScriptBuildPhase;
			buildActionMask = 2147483647;
			files = (
			);
			inputPaths = (
				"${SRCROOT}/Pods/Target Support Files/Pods-WebViewJavascriptBridgeSample/Pods-WebViewJavascriptBridgeSample-frameworks.sh",
				"${BUILT_PRODUCTS_DIR}/WebViewJavascriptBridge/WebViewJavascriptBridge.framework",
			);
			name = "[CP] Embed Pods Frameworks";
			outputPaths = (
				"${TARGET_BUILD_DIR}/${FRAMEWORKS_FOLDER_PATH}/WebViewJavascriptBridge.framework",
			);
			runOnlyForDeploymentPostprocessing = 0;
			shellPath = /bin/sh;
			shellScript = "\"${SRCROOT}/Pods/Target Support Files/Pods-WebViewJavascriptBridgeSample/Pods-WebViewJavascriptBridgeSample-frameworks.sh\"\n";
			showEnvVarsInLog = 0;
		};
		74C065505CCE70935E166D1C /* [CP] Check Pods Manifest.lock */ = {
			isa = PBXShellScriptBuildPhase;
			buildActionMask = 2147483647;
			files = (
			);
			inputPaths = (
				"${PODS_PODFILE_DIR_PATH}/Podfile.lock",
				"${PODS_ROOT}/Manifest.lock",
			);
			name = "[CP] Check Pods Manifest.lock";
			outputPaths = (
				"$(DERIVED_FILE_DIR)/Pods-WebViewJavascriptBridgeSample-checkManifestLockResult.txt",
			);
			runOnlyForDeploymentPostprocessing = 0;
			shellPath = /bin/sh;
			shellScript = "diff \"${PODS_PODFILE_DIR_PATH}/Podfile.lock\" \"${PODS_ROOT}/Manifest.lock\" > /dev/null\nif [ $? != 0 ] ; then\n    # print error to STDERR\n    echo \"error: The sandbox is not in sync with the Podfile.lock. Run 'pod install' or update your CocoaPods installation.\" >&2\n    exit 1\nfi\n# This output is used by Xcode 'outputs' to avoid re-running this script phase.\necho \"SUCCESS\" > \"${SCRIPT_OUTPUT_FILE_0}\"\n";
			showEnvVarsInLog = 0;
		};
/* End PBXShellScriptBuildPhase section */

/* Begin PBXSourcesBuildPhase section */
		395C71921C5B5CD80025C94E /* Sources */ = {
			isa = PBXSourcesBuildPhase;
			buildActionMask = 2147483647;
			files = (
				395C71A11C5B5CD80025C94E /* ViewController.m in Sources */,
				395C719E1C5B5CD80025C94E /* AppDelegate.m in Sources */,
				395C719B1C5B5CD80025C94E /* main.m in Sources */,
			);
			runOnlyForDeploymentPostprocessing = 0;
		};
/* End PBXSourcesBuildPhase section */

/* Begin PBXVariantGroup section */
		395C71A21C5B5CD80025C94E /* Main.storyboard */ = {
			isa = PBXVariantGroup;
			children = (
				395C71A31C5B5CD80025C94E /* Base */,
			);
			name = Main.storyboard;
			sourceTree = "<group>";
		};
		395C71A71C5B5CD80025C94E /* LaunchScreen.storyboard */ = {
			isa = PBXVariantGroup;
			children = (
				395C71A81C5B5CD80025C94E /* Base */,
			);
			name = LaunchScreen.storyboard;
			sourceTree = "<group>";
		};
/* End PBXVariantGroup section */

/* Begin XCBuildConfiguration section */
		395C71AB1C5B5CD80025C94E /* Debug */ = {
			isa = XCBuildConfiguration;
			buildSettings = {
				ALWAYS_SEARCH_USER_PATHS = NO;
				CLANG_CXX_LANGUAGE_STANDARD = "gnu++0x";
				CLANG_CXX_LIBRARY = "libc++";
				CLANG_ENABLE_MODULES = YES;
				CLANG_ENABLE_OBJC_ARC = YES;
				CLANG_WARN_BLOCK_CAPTURE_AUTORELEASING = YES;
				CLANG_WARN_BOOL_CONVERSION = YES;
				CLANG_WARN_COMMA = YES;
				CLANG_WARN_CONSTANT_CONVERSION = YES;
				CLANG_WARN_DIRECT_OBJC_ISA_USAGE = YES_ERROR;
				CLANG_WARN_EMPTY_BODY = YES;
				CLANG_WARN_ENUM_CONVERSION = YES;
				CLANG_WARN_INFINITE_RECURSION = YES;
				CLANG_WARN_INT_CONVERSION = YES;
				CLANG_WARN_NON_LITERAL_NULL_CONVERSION = YES;
				CLANG_WARN_OBJC_LITERAL_CONVERSION = YES;
				CLANG_WARN_OBJC_ROOT_CLASS = YES_ERROR;
				CLANG_WARN_RANGE_LOOP_ANALYSIS = YES;
				CLANG_WARN_STRICT_PROTOTYPES = YES;
				CLANG_WARN_SUSPICIOUS_MOVE = YES;
				CLANG_WARN_UNREACHABLE_CODE = YES;
				CLANG_WARN__DUPLICATE_METHOD_MATCH = YES;
				"CODE_SIGN_IDENTITY[sdk=iphoneos*]" = "iPhone Developer";
				COPY_PHASE_STRIP = NO;
				DEBUG_INFORMATION_FORMAT = dwarf;
				ENABLE_STRICT_OBJC_MSGSEND = YES;
				ENABLE_TESTABILITY = YES;
				GCC_C_LANGUAGE_STANDARD = gnu99;
				GCC_DYNAMIC_NO_PIC = NO;
				GCC_NO_COMMON_BLOCKS = YES;
				GCC_OPTIMIZATION_LEVEL = 0;
				GCC_PREPROCESSOR_DEFINITIONS = (
					"DEBUG=1",
					"$(inherited)",
				);
				GCC_WARN_64_TO_32_BIT_CONVERSION = YES;
				GCC_WARN_ABOUT_RETURN_TYPE = YES_ERROR;
				GCC_WARN_UNDECLARED_SELECTOR = YES;
				GCC_WARN_UNINITIALIZED_AUTOS = YES_AGGRESSIVE;
				GCC_WARN_UNUSED_FUNCTION = YES;
				GCC_WARN_UNUSED_VARIABLE = YES;
				IPHONEOS_DEPLOYMENT_TARGET = 9.2;
				MTL_ENABLE_DEBUG_INFO = YES;
				ONLY_ACTIVE_ARCH = YES;
				SDKROOT = iphoneos;
			};
			name = Debug;
		};
		395C71AC1C5B5CD80025C94E /* Release */ = {
			isa = XCBuildConfiguration;
			buildSettings = {
				ALWAYS_SEARCH_USER_PATHS = NO;
				CLANG_CXX_LANGUAGE_STANDARD = "gnu++0x";
				CLANG_CXX_LIBRARY = "libc++";
				CLANG_ENABLE_MODULES = YES;
				CLANG_ENABLE_OBJC_ARC = YES;
				CLANG_WARN_BLOCK_CAPTURE_AUTORELEASING = YES;
				CLANG_WARN_BOOL_CONVERSION = YES;
				CLANG_WARN_COMMA = YES;
				CLANG_WARN_CONSTANT_CONVERSION = YES;
				CLANG_WARN_DIRECT_OBJC_ISA_USAGE = YES_ERROR;
				CLANG_WARN_EMPTY_BODY = YES;
				CLANG_WARN_ENUM_CONVERSION = YES;
				CLANG_WARN_INFINITE_RECURSION = YES;
				CLANG_WARN_INT_CONVERSION = YES;
				CLANG_WARN_NON_LITERAL_NULL_CONVERSION = YES;
				CLANG_WARN_OBJC_LITERAL_CONVERSION = YES;
				CLANG_WARN_OBJC_ROOT_CLASS = YES_ERROR;
				CLANG_WARN_RANGE_LOOP_ANALYSIS = YES;
				CLANG_WARN_STRICT_PROTOTYPES = YES;
				CLANG_WARN_SUSPICIOUS_MOVE = YES;
				CLANG_WARN_UNREACHABLE_CODE = YES;
				CLANG_WARN__DUPLICATE_METHOD_MATCH = YES;
				"CODE_SIGN_IDENTITY[sdk=iphoneos*]" = "iPhone Developer";
				COPY_PHASE_STRIP = NO;
				DEBUG_INFORMATION_FORMAT = "dwarf-with-dsym";
				ENABLE_NS_ASSERTIONS = NO;
				ENABLE_STRICT_OBJC_MSGSEND = YES;
				GCC_C_LANGUAGE_STANDARD = gnu99;
				GCC_NO_COMMON_BLOCKS = YES;
				GCC_WARN_64_TO_32_BIT_CONVERSION = YES;
				GCC_WARN_ABOUT_RETURN_TYPE = YES_ERROR;
				GCC_WARN_UNDECLARED_SELECTOR = YES;
				GCC_WARN_UNINITIALIZED_AUTOS = YES_AGGRESSIVE;
				GCC_WARN_UNUSED_FUNCTION = YES;
				GCC_WARN_UNUSED_VARIABLE = YES;
				IPHONEOS_DEPLOYMENT_TARGET = 9.2;
				MTL_ENABLE_DEBUG_INFO = NO;
				SDKROOT = iphoneos;
				VALIDATE_PRODUCT = YES;
			};
			name = Release;
		};
		395C71AE1C5B5CD80025C94E /* Debug */ = {
			isa = XCBuildConfiguration;
			baseConfigurationReference = BB61E70874DFEB6F416E2AA6 /* Pods-WebViewJavascriptBridgeSample.debug.xcconfig */;
			buildSettings = {
				ASSETCATALOG_COMPILER_APPICON_NAME = AppIcon;
				INFOPLIST_FILE = WebViewJavascriptBridgeSample/Info.plist;
				IPHONEOS_DEPLOYMENT_TARGET = 8.0;
				LD_RUNPATH_SEARCH_PATHS = "$(inherited) @executable_path/Frameworks";
				PRODUCT_BUNDLE_IDENTIFIER = STSN.WebViewJavascriptBridgeSample;
				PRODUCT_NAME = "$(TARGET_NAME)";
			};
			name = Debug;
		};
		395C71AF1C5B5CD80025C94E /* Release */ = {
			isa = XCBuildConfiguration;
			baseConfigurationReference = 9BE12F3D7AD6F2D751409871 /* Pods-WebViewJavascriptBridgeSample.release.xcconfig */;
			buildSettings = {
				ASSETCATALOG_COMPILER_APPICON_NAME = AppIcon;
				INFOPLIST_FILE = WebViewJavascriptBridgeSample/Info.plist;
				IPHONEOS_DEPLOYMENT_TARGET = 8.0;
				LD_RUNPATH_SEARCH_PATHS = "$(inherited) @executable_path/Frameworks";
				PRODUCT_BUNDLE_IDENTIFIER = STSN.WebViewJavascriptBridgeSample;
				PRODUCT_NAME = "$(TARGET_NAME)";
			};
			name = Release;
		};
/* End XCBuildConfiguration section */

/* Begin XCConfigurationList section */
		395C71911C5B5CD70025C94E /* Build configuration list for PBXProject "WebViewJavascriptBridgeSample" */ = {
			isa = XCConfigurationList;
			buildConfigurations = (
				395C71AB1C5B5CD80025C94E /* Debug */,
				395C71AC1C5B5CD80025C94E /* Release */,
			);
			defaultConfigurationIsVisible = 0;
			defaultConfigurationName = Release;
		};
		395C71AD1C5B5CD80025C94E /* Build configuration list for PBXNativeTarget "WebViewJavascriptBridgeSample" */ = {
			isa = XCConfigurationList;
			buildConfigurations = (
				395C71AE1C5B5CD80025C94E /* Debug */,
				395C71AF1C5B5CD80025C94E /* Release */,
			);
			defaultConfigurationIsVisible = 0;
			defaultConfigurationName = Release;
		};
/* End XCConfigurationList section */
	};
	rootObject = 395C718E1C5B5CD70025C94E /* Project object */;
}
