// !$*UTF8*$!
{
	archiveVersion = 1;
	classes = {
	};
	objectVersion = 50;
	objects = {

/* Begin PBXBuildFile section */
		E5F5BB9C20CE6EB6002AC23E /* AppDelegate.swift in Sources */ = {isa = PBXBuildFile; fileRef = E5F5BB9B20CE6EB6002AC23E /* AppDelegate.swift */; };
		E5F5BB9E20CE6EB6002AC23E /* ViewController.swift in Sources */ = {isa = PBXBuildFile; fileRef = E5F5BB9D20CE6EB6002AC23E /* ViewController.swift */; };
		E5F5BBA120CE6EB6002AC23E /* Main.storyboard in Resources */ = {isa = PBXBuildFile; fileRef = E5F5BB9F20CE6EB6002AC23E /* Main.storyboard */; };
		E5F5BBA320CE6EB7002AC23E /* Assets.xcassets in Resources */ = {isa = PBXBuildFile; fileRef = E5F5BBA220CE6EB7002AC23E /* Assets.xcassets */; };
		E5F5BBA620CE6EB7002AC23E /* LaunchScreen.storyboard in Resources */ = {isa = PBXBuildFile; fileRef = E5F5BBA420CE6EB7002AC23E /* LaunchScreen.storyboard */; };
		E5F5BBB120CE6EB7002AC23E /* FontListCheckTests.swift in Sources */ = {isa = PBXBuildFile; fileRef = E5F5BBB020CE6EB7002AC23E /* FontListCheckTests.swift */; };
		E5F5BBBC20CE6EB7002AC23E /* FontListCheckUITests.swift in Sources */ = {isa = PBXBuildFile; fileRef = E5F5BBBB20CE6EB7002AC23E /* FontListCheckUITests.swift */; };
/* End PBXBuildFile section */

/* Begin PBXContainerItemProxy section */
		E5F5BBAD20CE6EB7002AC23E /* PBXContainerItemProxy */ = {
			isa = PBXContainerItemProxy;
			containerPortal = E5F5BB9020CE6EB5002AC23E /* Project object */;
			proxyType = 1;
			remoteGlobalIDString = E5F5BB9720CE6EB6002AC23E;
			remoteInfo = FontListCheck;
		};
		E5F5BBB820CE6EB7002AC23E /* PBXContainerItemProxy */ = {
			isa = PBXContainerItemProxy;
			containerPortal = E5F5BB9020CE6EB5002AC23E /* Project object */;
			proxyType = 1;
			remoteGlobalIDString = E5F5BB9720CE6EB6002AC23E;
			remoteInfo = FontListCheck;
		};
/* End PBXContainerItemProxy section */

/* Begin PBXFileReference section */
		E5F5BB9820CE6EB6002AC23E /* FontListCheck.app */ = {isa = PBXFileReference; explicitFileType = wrapper.application; includeInIndex = 0; path = FontListCheck.app; sourceTree = BUILT_PRODUCTS_DIR; };
		E5F5BB9B20CE6EB6002AC23E /* AppDelegate.swift */ = {isa = PBXFileReference; lastKnownFileType = sourcecode.swift; path = AppDelegate.swift; sourceTree = "<group>"; };
		E5F5BB9D20CE6EB6002AC23E /* ViewController.swift */ = {isa = PBXFileReference; lastKnownFileType = sourcecode.swift; path = ViewController.swift; sourceTree = "<group>"; };
		E5F5BBA020CE6EB6002AC23E /* Base */ = {isa = PBXFileReference; lastKnownFileType = file.storyboard; name = Base; path = Base.lproj/Main.storyboard; sourceTree = "<group>"; };
		E5F5BBA220CE6EB7002AC23E /* Assets.xcassets */ = {isa = PBXFileReference; lastKnownFileType = folder.assetcatalog; path = Assets.xcassets; sourceTree = "<group>"; };
		E5F5BBA520CE6EB7002AC23E /* Base */ = {isa = PBXFileReference; lastKnownFileType = file.storyboard; name = Base; path = Base.lproj/LaunchScreen.storyboard; sourceTree = "<group>"; };
		E5F5BBA720CE6EB7002AC23E /* Info.plist */ = {isa = PBXFileReference; lastKnownFileType = text.plist.xml; path = Info.plist; sourceTree = "<group>"; };
		E5F5BBAC20CE6EB7002AC23E /* FontListCheckTests.xctest */ = {isa = PBXFileReference; explicitFileType = wrapper.cfbundle; includeInIndex = 0; path = FontListCheckTests.xctest; sourceTree = BUILT_PRODUCTS_DIR; };
		E5F5BBB020CE6EB7002AC23E /* FontListCheckTests.swift */ = {isa = PBXFileReference; lastKnownFileType = sourcecode.swift; path = FontListCheckTests.swift; sourceTree = "<group>"; };
		E5F5BBB220CE6EB7002AC23E /* Info.plist */ = {isa = PBXFileReference; lastKnownFileType = text.plist.xml; path = Info.plist; sourceTree = "<group>"; };
		E5F5BBB720CE6EB7002AC23E /* FontListCheckUITests.xctest */ = {isa = PBXFileReference; explicitFileType = wrapper.cfbundle; includeInIndex = 0; path = FontListCheckUITests.xctest; sourceTree = BUILT_PRODUCTS_DIR; };
		E5F5BBBB20CE6EB7002AC23E /* FontListCheckUITests.swift */ = {isa = PBXFileReference; lastKnownFileType = sourcecode.swift; path = FontListCheckUITests.swift; sourceTree = "<group>"; };
		E5F5BBBD20CE6EB7002AC23E /* Info.plist */ = {isa = PBXFileReference; lastKnownFileType = text.plist.xml; path = Info.plist; sourceTree = "<group>"; };
/* End PBXFileReference section */

/* Begin PBXFrameworksBuildPhase section */
		E5F5BB9520CE6EB6002AC23E /* Frameworks */ = {
			isa = PBXFrameworksBuildPhase;
			buildActionMask = 2147483647;
			files = (
			);
			runOnlyForDeploymentPostprocessing = 0;
		};
		E5F5BBA920CE6EB7002AC23E /* Frameworks */ = {
			isa = PBXFrameworksBuildPhase;
			buildActionMask = 2147483647;
			files = (
			);
			runOnlyForDeploymentPostprocessing = 0;
		};
		E5F5BBB420CE6EB7002AC23E /* Frameworks */ = {
			isa = PBXFrameworksBuildPhase;
			buildActionMask = 2147483647;
			files = (
			);
			runOnlyForDeploymentPostprocessing = 0;
		};
/* End PBXFrameworksBuildPhase section */

/* Begin PBXGroup section */
		E5F5BB8F20CE6EB5002AC23E = {
			isa = PBXGroup;
			children = (
				E5F5BB9A20CE6EB6002AC23E /* FontListCheck */,
				E5F5BBAF20CE6EB7002AC23E /* FontListCheckTests */,
				E5F5BBBA20CE6EB7002AC23E /* FontListCheckUITests */,
				E5F5BB9920CE6EB6002AC23E /* Products */,
			);
			sourceTree = "<group>";
		};
		E5F5BB9920CE6EB6002AC23E /* Products */ = {
			isa = PBXGroup;
			children = (
				E5F5BB9820CE6EB6002AC23E /* FontListCheck.app */,
				E5F5BBAC20CE6EB7002AC23E /* FontListCheckTests.xctest */,
				E5F5BBB720CE6EB7002AC23E /* FontListCheckUITests.xctest */,
			);
			name = Products;
			sourceTree = "<group>";
		};
		E5F5BB9A20CE6EB6002AC23E /* FontListCheck */ = {
			isa = PBXGroup;
			children = (
				E5F5BB9B20CE6EB6002AC23E /* AppDelegate.swift */,
				E5F5BB9D20CE6EB6002AC23E /* ViewController.swift */,
				E5F5BB9F20CE6EB6002AC23E /* Main.storyboard */,
				E5F5BBA220CE6EB7002AC23E /* Assets.xcassets */,
				E5F5BBA420CE6EB7002AC23E /* LaunchScreen.storyboard */,
				E5F5BBA720CE6EB7002AC23E /* Info.plist */,
			);
			path = FontListCheck;
			sourceTree = "<group>";
		};
		E5F5BBAF20CE6EB7002AC23E /* FontListCheckTests */ = {
			isa = PBXGroup;
			children = (
				E5F5BBB020CE6EB7002AC23E /* FontListCheckTests.swift */,
				E5F5BBB220CE6EB7002AC23E /* Info.plist */,
			);
			path = FontListCheckTests;
			sourceTree = "<group>";
		};
		E5F5BBBA20CE6EB7002AC23E /* FontListCheckUITests */ = {
			isa = PBXGroup;
			children = (
				E5F5BBBB20CE6EB7002AC23E /* FontListCheckUITests.swift */,
				E5F5BBBD20CE6EB7002AC23E /* Info.plist */,
			);
			path = FontListCheckUITests;
			sourceTree = "<group>";
		};
/* End PBXGroup section */

/* Begin PBXNativeTarget section */
		E5F5BB9720CE6EB6002AC23E /* FontListCheck */ = {
			isa = PBXNativeTarget;
			buildConfigurationList = E5F5BBC020CE6EB7002AC23E /* Build configuration list for PBXNativeTarget "FontListCheck" */;
			buildPhases = (
				E5F5BB9420CE6EB6002AC23E /* Sources */,
				E5F5BB9520CE6EB6002AC23E /* Frameworks */,
				E5F5BB9620CE6EB6002AC23E /* Resources */,
			);
			buildRules = (
			);
			dependencies = (
			);
			name = FontListCheck;
			productName = FontListCheck;
			productReference = E5F5BB9820CE6EB6002AC23E /* FontListCheck.app */;
			productType = "com.apple.product-type.application";
		};
		E5F5BBAB20CE6EB7002AC23E /* FontListCheckTests */ = {
			isa = PBXNativeTarget;
			buildConfigurationList = E5F5BBC320CE6EB7002AC23E /* Build configuration list for PBXNativeTarget "FontListCheckTests" */;
			buildPhases = (
				E5F5BBA820CE6EB7002AC23E /* Sources */,
				E5F5BBA920CE6EB7002AC23E /* Frameworks */,
				E5F5BBAA20CE6EB7002AC23E /* Resources */,
			);
			buildRules = (
			);
			dependencies = (
				E5F5BBAE20CE6EB7002AC23E /* PBXTargetDependency */,
			);
			name = FontListCheckTests;
			productName = FontListCheckTests;
			productReference = E5F5BBAC20CE6EB7002AC23E /* FontListCheckTests.xctest */;
			productType = "com.apple.product-type.bundle.unit-test";
		};
		E5F5BBB620CE6EB7002AC23E /* FontListCheckUITests */ = {
			isa = PBXNativeTarget;
			buildConfigurationList = E5F5BBC620CE6EB7002AC23E /* Build configuration list for PBXNativeTarget "FontListCheckUITests" */;
			buildPhases = (
				E5F5BBB320CE6EB7002AC23E /* Sources */,
				E5F5BBB420CE6EB7002AC23E /* Frameworks */,
				E5F5BBB520CE6EB7002AC23E /* Resources */,
			);
			buildRules = (
			);
			dependencies = (
				E5F5BBB920CE6EB7002AC23E /* PBXTargetDependency */,
			);
			name = FontListCheckUITests;
			productName = FontListCheckUITests;
			productReference = E5F5BBB720CE6EB7002AC23E /* FontListCheckUITests.xctest */;
			productType = "com.apple.product-type.bundle.ui-testing";
		};
/* End PBXNativeTarget section */

/* Begin PBXProject section */
		E5F5BB9020CE6EB5002AC23E /* Project object */ = {
			isa = PBXProject;
			attributes = {
				LastSwiftUpdateCheck = 0940;
				LastUpgradeCheck = 0940;
				ORGANIZATIONNAME = OutsourcingTechnology;
				TargetAttributes = {
					E5F5BB9720CE6EB6002AC23E = {
						CreatedOnToolsVersion = 9.4;
					};
					E5F5BBAB20CE6EB7002AC23E = {
						CreatedOnToolsVersion = 9.4;
						TestTargetID = E5F5BB9720CE6EB6002AC23E;
					};
					E5F5BBB620CE6EB7002AC23E = {
						CreatedOnToolsVersion = 9.4;
						TestTargetID = E5F5BB9720CE6EB6002AC23E;
					};
				};
			};
			buildConfigurationList = E5F5BB9320CE6EB5002AC23E /* Build configuration list for PBXProject "FontListCheck" */;
			compatibilityVersion = "Xcode 9.3";
			developmentRegion = en;
			hasScannedForEncodings = 0;
			knownRegions = (
				en,
				Base,
			);
			mainGroup = E5F5BB8F20CE6EB5002AC23E;
			productRefGroup = E5F5BB9920CE6EB6002AC23E /* Products */;
			projectDirPath = "";
			projectRoot = "";
			targets = (
				E5F5BB9720CE6EB6002AC23E /* FontListCheck */,
				E5F5BBAB20CE6EB7002AC23E /* FontListCheckTests */,
				E5F5BBB620CE6EB7002AC23E /* FontListCheckUITests */,
			);
		};
/* End PBXProject section */

/* Begin PBXResourcesBuildPhase section */
		E5F5BB9620CE6EB6002AC23E /* Resources */ = {
			isa = PBXResourcesBuildPhase;
			buildActionMask = 2147483647;
			files = (
				E5F5BBA620CE6EB7002AC23E /* LaunchScreen.storyboard in Resources */,
				E5F5BBA320CE6EB7002AC23E /* Assets.xcassets in Resources */,
				E5F5BBA120CE6EB6002AC23E /* Main.storyboard in Resources */,
			);
			runOnlyForDeploymentPostprocessing = 0;
		};
		E5F5BBAA20CE6EB7002AC23E /* Resources */ = {
			isa = PBXResourcesBuildPhase;
			buildActionMask = 2147483647;
			files = (
			);
			runOnlyForDeploymentPostprocessing = 0;
		};
		E5F5BBB520CE6EB7002AC23E /* Resources */ = {
			isa = PBXResourcesBuildPhase;
			buildActionMask = 2147483647;
			files = (
			);
			runOnlyForDeploymentPostprocessing = 0;
		};
/* End PBXResourcesBuildPhase section */

/* Begin PBXSourcesBuildPhase section */
		E5F5BB9420CE6EB6002AC23E /* Sources */ = {
			isa = PBXSourcesBuildPhase;
			buildActionMask = 2147483647;
			files = (
				E5F5BB9E20CE6EB6002AC23E /* ViewController.swift in Sources */,
				E5F5BB9C20CE6EB6002AC23E /* AppDelegate.swift in Sources */,
			);
			runOnlyForDeploymentPostprocessing = 0;
		};
		E5F5BBA820CE6EB7002AC23E /* Sources */ = {
			isa = PBXSourcesBuildPhase;
			buildActionMask = 2147483647;
			files = (
				E5F5BBB120CE6EB7002AC23E /* FontListCheckTests.swift in Sources */,
			);
			runOnlyForDeploymentPostprocessing = 0;
		};
		E5F5BBB320CE6EB7002AC23E /* Sources */ = {
			isa = PBXSourcesBuildPhase;
			buildActionMask = 2147483647;
			files = (
				E5F5BBBC20CE6EB7002AC23E /* FontListCheckUITests.swift in Sources */,
			);
			runOnlyForDeploymentPostprocessing = 0;
		};
/* End PBXSourcesBuildPhase section */

/* Begin PBXTargetDependency section */
		E5F5BBAE20CE6EB7002AC23E /* PBXTargetDependency */ = {
			isa = PBXTargetDependency;
			target = E5F5BB9720CE6EB6002AC23E /* FontListCheck */;
			targetProxy = E5F5BBAD20CE6EB7002AC23E /* PBXContainerItemProxy */;
		};
		E5F5BBB920CE6EB7002AC23E /* PBXTargetDependency */ = {
			isa = PBXTargetDependency;
			target = E5F5BB9720CE6EB6002AC23E /* FontListCheck */;
			targetProxy = E5F5BBB820CE6EB7002AC23E /* PBXContainerItemProxy */;
		};
/* End PBXTargetDependency section */

/* Begin PBXVariantGroup section */
		E5F5BB9F20CE6EB6002AC23E /* Main.storyboard */ = {
			isa = PBXVariantGroup;
			children = (
				E5F5BBA020CE6EB6002AC23E /* Base */,
			);
			name = Main.storyboard;
			sourceTree = "<group>";
		};
		E5F5BBA420CE6EB7002AC23E /* LaunchScreen.storyboard */ = {
			isa = PBXVariantGroup;
			children = (
				E5F5BBA520CE6EB7002AC23E /* Base */,
			);
			name = LaunchScreen.storyboard;
			sourceTree = "<group>";
		};
/* End PBXVariantGroup section */

/* Begin XCBuildConfiguration section */
		E5F5BBBE20CE6EB7002AC23E /* Debug */ = {
			isa = XCBuildConfiguration;
			buildSettings = {
				ALWAYS_SEARCH_USER_PATHS = NO;
				CLANG_ANALYZER_NONNULL = YES;
				CLANG_ANALYZER_NUMBER_OBJECT_CONVERSION = YES_AGGRESSIVE;
				CLANG_CXX_LANGUAGE_STANDARD = "gnu++14";
				CLANG_CXX_LIBRARY = "libc++";
				CLANG_ENABLE_MODULES = YES;
				CLANG_ENABLE_OBJC_ARC = YES;
				CLANG_ENABLE_OBJC_WEAK = YES;
				CLANG_WARN_BLOCK_CAPTURE_AUTORELEASING = YES;
				CLANG_WARN_BOOL_CONVERSION = YES;
				CLANG_WARN_COMMA = YES;
				CLANG_WARN_CONSTANT_CONVERSION = YES;
				CLANG_WARN_DEPRECATED_OBJC_IMPLEMENTATIONS = YES;
				CLANG_WARN_DIRECT_OBJC_ISA_USAGE = YES_ERROR;
				CLANG_WARN_DOCUMENTATION_COMMENTS = YES;
				CLANG_WARN_EMPTY_BODY = YES;
				CLANG_WARN_ENUM_CONVERSION = YES;
				CLANG_WARN_INFINITE_RECURSION = YES;
				CLANG_WARN_INT_CONVERSION = YES;
				CLANG_WARN_NON_LITERAL_NULL_CONVERSION = YES;
				CLANG_WARN_OBJC_IMPLICIT_RETAIN_SELF = YES;
				CLANG_WARN_OBJC_LITERAL_CONVERSION = YES;
				CLANG_WARN_OBJC_ROOT_CLASS = YES_ERROR;
				CLANG_WARN_RANGE_LOOP_ANALYSIS = YES;
				CLANG_WARN_STRICT_PROTOTYPES = YES;
				CLANG_WARN_SUSPICIOUS_MOVE = YES;
				CLANG_WARN_UNGUARDED_AVAILABILITY = YES_AGGRESSIVE;
				CLANG_WARN_UNREACHABLE_CODE = YES;
				CLANG_WARN__DUPLICATE_METHOD_MATCH = YES;
				CODE_SIGN_IDENTITY = "iPhone Developer";
				COPY_PHASE_STRIP = NO;
				DEBUG_INFORMATION_FORMAT = dwarf;
				ENABLE_STRICT_OBJC_MSGSEND = YES;
				ENABLE_TESTABILITY = YES;
				GCC_C_LANGUAGE_STANDARD = gnu11;
				GCC_DYNAMIC_NO_PIC = NO;
				GCC_NO_COMMON_BLOCKS = YES;
				GCC_OPTIMIZATION_LEVEL = 0;
				GCC_PREPROCESSOR_DEFINITIONS = (
					"DEBUG=1",
					"$(inherited)",
				);
				GCC_WARN_64_TO_32_BIT_CONVERSION = YES;
				GCC_WARN_ABOUT_RETURN_TYPE = YES_ERROR;
				GCC_WARN_UNDECLARED_SELECTOR = YES;
				GCC_WARN_UNINITIALIZED_AUTOS = YES_AGGRESSIVE;
				GCC_WARN_UNUSED_FUNCTION = YES;
				GCC_WARN_UNUSED_VARIABLE = YES;
				IPHONEOS_DEPLOYMENT_TARGET = 9.0;
				MTL_ENABLE_DEBUG_INFO = YES;
				ONLY_ACTIVE_ARCH = YES;
				SDKROOT = iphoneos;
				SWIFT_ACTIVE_COMPILATION_CONDITIONS = DEBUG;
				SWIFT_OPTIMIZATION_LEVEL = "-Onone";
			};
			name = Debug;
		};
		E5F5BBBF20CE6EB7002AC23E /* Release */ = {
			isa = XCBuildConfiguration;
			buildSettings = {
				ALWAYS_SEARCH_USER_PATHS = NO;
				CLANG_ANALYZER_NONNULL = YES;
				CLANG_ANALYZER_NUMBER_OBJECT_CONVERSION = YES_AGGRESSIVE;
				CLANG_CXX_LANGUAGE_STANDARD = "gnu++14";
				CLANG_CXX_LIBRARY = "libc++";
				CLANG_ENABLE_MODULES = YES;
				CLANG_ENABLE_OBJC_ARC = YES;
				CLANG_ENABLE_OBJC_WEAK = YES;
				CLANG_WARN_BLOCK_CAPTURE_AUTORELEASING = YES;
				CLANG_WARN_BOOL_CONVERSION = YES;
				CLANG_WARN_COMMA = YES;
				CLANG_WARN_CONSTANT_CONVERSION = YES;
				CLANG_WARN_DEPRECATED_OBJC_IMPLEMENTATIONS = YES;
				CLANG_WARN_DIRECT_OBJC_ISA_USAGE = YES_ERROR;
				CLANG_WARN_DOCUMENTATION_COMMENTS = YES;
				CLANG_WARN_EMPTY_BODY = YES;
				CLANG_WARN_ENUM_CONVERSION = YES;
				CLANG_WARN_INFINITE_RECURSION = YES;
				CLANG_WARN_INT_CONVERSION = YES;
				CLANG_WARN_NON_LITERAL_NULL_CONVERSION = YES;
				CLANG_WARN_OBJC_IMPLICIT_RETAIN_SELF = YES;
				CLANG_WARN_OBJC_LITERAL_CONVERSION = YES;
				CLANG_WARN_OBJC_ROOT_CLASS = YES_ERROR;
				CLANG_WARN_RANGE_LOOP_ANALYSIS = YES;
				CLANG_WARN_STRICT_PROTOTYPES = YES;
				CLANG_WARN_SUSPICIOUS_MOVE = YES;
				CLANG_WARN_UNGUARDED_AVAILABILITY = YES_AGGRESSIVE;
				CLANG_WARN_UNREACHABLE_CODE = YES;
				CLANG_WARN__DUPLICATE_METHOD_MATCH = YES;
				CODE_SIGN_IDENTITY = "iPhone Developer";
				COPY_PHASE_STRIP = NO;
				DEBUG_INFORMATION_FORMAT = "dwarf-with-dsym";
				ENABLE_NS_ASSERTIONS = NO;
				ENABLE_STRICT_OBJC_MSGSEND = YES;
				GCC_C_LANGUAGE_STANDARD = gnu11;
				GCC_NO_COMMON_BLOCKS = YES;
				GCC_WARN_64_TO_32_BIT_CONVERSION = YES;
				GCC_WARN_ABOUT_RETURN_TYPE = YES_ERROR;
				GCC_WARN_UNDECLARED_SELECTOR = YES;
				GCC_WARN_UNINITIALIZED_AUTOS = YES_AGGRESSIVE;
				GCC_WARN_UNUSED_FUNCTION = YES;
				GCC_WARN_UNUSED_VARIABLE = YES;
				IPHONEOS_DEPLOYMENT_TARGET = 9.0;
				MTL_ENABLE_DEBUG_INFO = NO;
				SDKROOT = iphoneos;
				SWIFT_COMPILATION_MODE = wholemodule;
				SWIFT_OPTIMIZATION_LEVEL = "-O";
				VALIDATE_PRODUCT = YES;
			};
			name = Release;
		};
		E5F5BBC120CE6EB7002AC23E /* Debug */ = {
			isa = XCBuildConfiguration;
			buildSettings = {
				ASSETCATALOG_COMPILER_APPICON_NAME = AppIcon;
				CODE_SIGN_IDENTITY = "iPhone Developer";
				CODE_SIGN_STYLE = Manual;
				DEVELOPMENT_TEAM = DVD4B3L57C;
				INFOPLIST_FILE = FontListCheck/Info.plist;
				IPHONEOS_DEPLOYMENT_TARGET = 9.0;
				LD_RUNPATH_SEARCH_PATHS = (
					"$(inherited)",
					"@executable_path/Frameworks",
				);
				PRODUCT_BUNDLE_IDENTIFIER = jp.co.ostechnology.PlanningAndDevelopment;
				PRODUCT_NAME = "$(TARGET_NAME)";
				PROVISIONING_PROFILE = "8b3dc229-c54b-41c8-8840-ca4f95a3afab";
				PROVISIONING_PROFILE_SPECIFIER = PlanningAndDevelopment;
				SWIFT_VERSION = 4.0;
				TARGETED_DEVICE_FAMILY = 2;
			};
			name = Debug;
		};
		E5F5BBC220CE6EB7002AC23E /* Release */ = {
			isa = XCBuildConfiguration;
			buildSettings = {
				ASSETCATALOG_COMPILER_APPICON_NAME = AppIcon;
				CODE_SIGN_IDENTITY = "iPhone Developer";
				CODE_SIGN_STYLE = Manual;
				DEVELOPMENT_TEAM = DVD4B3L57C;
				INFOPLIST_FILE = FontListCheck/Info.plist;
				IPHONEOS_DEPLOYMENT_TARGET = 9.0;
				LD_RUNPATH_SEARCH_PATHS = (
					"$(inherited)",
					"@executable_path/Frameworks",
				);
				PRODUCT_BUNDLE_IDENTIFIER = jp.co.ostechnology.PlanningAndDevelopment;
				PRODUCT_NAME = "$(TARGET_NAME)";
				PROVISIONING_PROFILE = "8b3dc229-c54b-41c8-8840-ca4f95a3afab";
				PROVISIONING_PROFILE_SPECIFIER = PlanningAndDevelopment;
				SWIFT_VERSION = 4.0;
				TARGETED_DEVICE_FAMILY = 2;
			};
			name = Release;
		};
		E5F5BBC420CE6EB7002AC23E /* Debug */ = {
			isa = XCBuildConfiguration;
			buildSettings = {
				ALWAYS_EMBED_SWIFT_STANDARD_LIBRARIES = YES;
				BUNDLE_LOADER = "$(TEST_HOST)";
				CODE_SIGN_STYLE = Automatic;
				DEVELOPMENT_TEAM = H75DU73HLZ;
				INFOPLIST_FILE = FontListCheckTests/Info.plist;
				LD_RUNPATH_SEARCH_PATHS = (
					"$(inherited)",
					"@executable_path/Frameworks",
					"@loader_path/Frameworks",
				);
				PRODUCT_BUNDLE_IDENTIFIER = jp.co.ostechnology.PlanningAndDevelopment.FontListCheckTests;
				PRODUCT_NAME = "$(TARGET_NAME)";
				SWIFT_VERSION = 4.0;
				TARGETED_DEVICE_FAMILY = "1,2";
				TEST_HOST = "$(BUILT_PRODUCTS_DIR)/FontListCheck.app/FontListCheck";
			};
			name = Debug;
		};
		E5F5BBC520CE6EB7002AC23E /* Release */ = {
			isa = XCBuildConfiguration;
			buildSettings = {
				ALWAYS_EMBED_SWIFT_STANDARD_LIBRARIES = YES;
				BUNDLE_LOADER = "$(TEST_HOST)";
				CODE_SIGN_STYLE = Automatic;
				DEVELOPMENT_TEAM = H75DU73HLZ;
				INFOPLIST_FILE = FontListCheckTests/Info.plist;
				LD_RUNPATH_SEARCH_PATHS = (
					"$(inherited)",
					"@executable_path/Frameworks",
					"@loader_path/Frameworks",
				);
				PRODUCT_BUNDLE_IDENTIFIER = jp.co.ostechnology.PlanningAndDevelopment.FontListCheckTests;
				PRODUCT_NAME = "$(TARGET_NAME)";
				SWIFT_VERSION = 4.0;
				TARGETED_DEVICE_FAMILY = "1,2";
				TEST_HOST = "$(BUILT_PRODUCTS_DIR)/FontListCheck.app/FontListCheck";
			};
			name = Release;
		};
		E5F5BBC720CE6EB7002AC23E /* Debug */ = {
			isa = XCBuildConfiguration;
			buildSettings = {
				ALWAYS_EMBED_SWIFT_STANDARD_LIBRARIES = YES;
				CODE_SIGN_STYLE = Automatic;
				DEVELOPMENT_TEAM = H75DU73HLZ;
				INFOPLIST_FILE = FontListCheckUITests/Info.plist;
				LD_RUNPATH_SEARCH_PATHS = (
					"$(inherited)",
					"@executable_path/Frameworks",
					"@loader_path/Frameworks",
				);
				PRODUCT_BUNDLE_IDENTIFIER = jp.co.ostechnology.PlanningAndDevelopment.FontListCheckUITests;
				PRODUCT_NAME = "$(TARGET_NAME)";
				SWIFT_VERSION = 4.0;
				TARGETED_DEVICE_FAMILY = "1,2";
				TEST_TARGET_NAME = FontListCheck;
			};
			name = Debug;
		};
		E5F5BBC820CE6EB7002AC23E /* Release */ = {
			isa = XCBuildConfiguration;
			buildSettings = {
				ALWAYS_EMBED_SWIFT_STANDARD_LIBRARIES = YES;
				CODE_SIGN_STYLE = Automatic;
				DEVELOPMENT_TEAM = H75DU73HLZ;
				INFOPLIST_FILE = FontListCheckUITests/Info.plist;
				LD_RUNPATH_SEARCH_PATHS = (
					"$(inherited)",
					"@executable_path/Frameworks",
					"@loader_path/Frameworks",
				);
				PRODUCT_BUNDLE_IDENTIFIER = jp.co.ostechnology.PlanningAndDevelopment.FontListCheckUITests;
				PRODUCT_NAME = "$(TARGET_NAME)";
				SWIFT_VERSION = 4.0;
				TARGETED_DEVICE_FAMILY = "1,2";
				TEST_TARGET_NAME = FontListCheck;
			};
			name = Release;
		};
/* End XCBuildConfiguration section */

/* Begin XCConfigurationList section */
		E5F5BB9320CE6EB5002AC23E /* Build configuration list for PBXProject "FontListCheck" */ = {
			isa = XCConfigurationList;
			buildConfigurations = (
				E5F5BBBE20CE6EB7002AC23E /* Debug */,
				E5F5BBBF20CE6EB7002AC23E /* Release */,
			);
			defaultConfigurationIsVisible = 0;
			defaultConfigurationName = Release;
		};
		E5F5BBC020CE6EB7002AC23E /* Build configuration list for PBXNativeTarget "FontListCheck" */ = {
			isa = XCConfigurationList;
			buildConfigurations = (
				E5F5BBC120CE6EB7002AC23E /* Debug */,
				E5F5BBC220CE6EB7002AC23E /* Release */,
			);
			defaultConfigurationIsVisible = 0;
			defaultConfigurationName = Release;
		};
		E5F5BBC320CE6EB7002AC23E /* Build configuration list for PBXNativeTarget "FontListCheckTests" */ = {
			isa = XCConfigurationList;
			buildConfigurations = (
				E5F5BBC420CE6EB7002AC23E /* Debug */,
				E5F5BBC520CE6EB7002AC23E /* Release */,
			);
			defaultConfigurationIsVisible = 0;
			defaultConfigurationName = Release;
		};
		E5F5BBC620CE6EB7002AC23E /* Build configuration list for PBXNativeTarget "FontListCheckUITests" */ = {
			isa = XCConfigurationList;
			buildConfigurations = (
				E5F5BBC720CE6EB7002AC23E /* Debug */,
				E5F5BBC820CE6EB7002AC23E /* Release */,
			);
			defaultConfigurationIsVisible = 0;
			defaultConfigurationName = Release;
		};
/* End XCConfigurationList section */
	};
	rootObject = E5F5BB9020CE6EB5002AC23E /* Project object */;
}
